// !$*UTF8*$!
{
 archiveVersion = 1;
 classes = {};
 objectVersion = 77;
 objects = {
/* Begin PBXBuildFile section */
 A10000010000000000000001 /* TracksManagerApp.swift in Sources */ = {isa = PBXBuildFile; fileRef = B10000010000000000000001; };
 A10000010000000000000002 /* ContentView.swift in Sources */ = {isa = PBXBuildFile; fileRef = B10000010000000000000002; };
 A10000010000000000000003 /* FilesView.swift in Sources */ = {isa = PBXBuildFile; fileRef = B10000010000000000000003; };
 A10000010000000000000004 /* Models.swift in Sources */ = {isa = PBXBuildFile; fileRef = B10000010000000000000004; };
 A10000010000000000000005 /* ProcessingView.swift in Sources */ = {isa = PBXBuildFile; fileRef = B10000010000000000000005; };
 A10000010000000000000006 /* ProcessRunner.swift in Sources */ = {isa = PBXBuildFile; fileRef = B10000010000000000000006; };
 A10000010000000000000007 /* ToolLocator.swift in Sources */ = {isa = PBXBuildFile; fileRef = B10000010000000000000007; };
 A10000010000000000000008 /* MediaAnalyzer.swift in Sources */ = {isa = PBXBuildFile; fileRef = B10000010000000000000008; };
 A10000010000000000000009 /* FFProbeAnalyzer.swift in Sources */ = {isa = PBXBuildFile; fileRef = B10000010000000000000009; };
 A1000001000000000000000A /* AnalysisCoordinator.swift in Sources */ = {isa = PBXBuildFile; fileRef = B1000001000000000000000A; };
 A1000001000000000000000B /* AnalysisCache.swift in Sources */ = {isa = PBXBuildFile; fileRef = B1000001000000000000000B; };
 A1000001000000000000000C /* ProcessingModels.swift in Sources */ = {isa = PBXBuildFile; fileRef = B1000001000000000000000C; };
 A1000001000000000000000D /* ProcessingPlanBuilder.swift in Sources */ = {isa = PBXBuildFile; fileRef = B1000001000000000000000D; };
/* End PBXBuildFile section */
/* Begin PBXFileReference section */
 B10000010000000000000001 /* TracksManagerApp.swift */ = {isa = PBXFileReference; lastKnownFileType = sourcecode.swift; path = TracksManagerApp.swift; sourceTree = "<group>"; };
 B10000010000000000000002 /* ContentView.swift */ = {isa = PBXFileReference; lastKnownFileType = sourcecode.swift; path = ContentView.swift; sourceTree = "<group>"; };
 B10000010000000000000003 /* FilesView.swift */ = {isa = PBXFileReference; lastKnownFileType = sourcecode.swift; path = FilesView.swift; sourceTree = "<group>"; };
 B10000010000000000000004 /* Models.swift */ = {isa = PBXFileReference; lastKnownFileType = sourcecode.swift; path = Models.swift; sourceTree = "<group>"; };
 B10000010000000000000005 /* ProcessingView.swift */ = {isa = PBXFileReference; lastKnownFileType = sourcecode.swift; path = ProcessingView.swift; sourceTree = "<group>"; };
 B10000010000000000000006 /* ProcessRunner.swift */ = {isa = PBXFileReference; lastKnownFileType = sourcecode.swift; path = ProcessRunner.swift; sourceTree = "<group>"; };
 B10000010000000000000007 /* ToolLocator.swift */ = {isa = PBXFileReference; lastKnownFileType = sourcecode.swift; path = ToolLocator.swift; sourceTree = "<group>"; };
 B10000010000000000000008 /* MediaAnalyzer.swift */ = {isa = PBXFileReference; lastKnownFileType = sourcecode.swift; path = MediaAnalyzer.swift; sourceTree = "<group>"; };
 B10000010000000000000009 /* FFProbeAnalyzer.swift */ = {isa = PBXFileReference; lastKnownFileType = sourcecode.swift; path = FFProbeAnalyzer.swift; sourceTree = "<group>"; };
 B1000001000000000000000A /* AnalysisCoordinator.swift */ = {isa = PBXFileReference; lastKnownFileType = sourcecode.swift; path = AnalysisCoordinator.swift; sourceTree = "<group>"; };
 B1000001000000000000000B /* AnalysisCache.swift */ = {isa = PBXFileReference; lastKnownFileType = sourcecode.swift; path = AnalysisCache.swift; sourceTree = "<group>"; };
 B1000001000000000000000C /* ProcessingModels.swift */ = {isa = PBXFileReference; lastKnownFileType = sourcecode.swift; path = ProcessingModels.swift; sourceTree = "<group>"; };
 B1000001000000000000000D /* ProcessingPlanBuilder.swift */ = {isa = PBXFileReference; lastKnownFileType = sourcecode.swift; path = ProcessingPlanBuilder.swift; sourceTree = "<group>"; };
 B10000010000000000000010 /* TracksManager.app */ = {isa = PBXFileReference; explicitFileType = wrapper.application; includeInIndex = 0; path = TracksManager.app; sourceTree = BUILT_PRODUCTS_DIR; };
/* End PBXFileReference section */
/* Begin PBXFrameworksBuildPhase section */
 C10000010000000000000001 = { isa = PBXFrameworksBuildPhase; buildActionMask = 2147483647; files = (); runOnlyForDeploymentPostprocessing = 0; };
/* End PBXFrameworksBuildPhase section */
/* Begin PBXGroup section */
 D10000010000000000000001 = { isa = PBXGroup; children = (D10000010000000000000002, D10000010000000000000003); sourceTree = "<group>"; };
 D10000010000000000000002 /* TracksManagerApp */ = { isa = PBXGroup; children = (B10000010000000000000001, B10000010000000000000002, B10000010000000000000003, B10000010000000000000004, B10000010000000000000005, D10000010000000000000004); path = TracksManagerApp; sourceTree = "<group>"; };
 D10000010000000000000004 /* Services */ = { isa = PBXGroup; children = (B10000010000000000000006, B10000010000000000000007, B10000010000000000000008, B10000010000000000000009, B1000001000000000000000A, B1000001000000000000000B, B1000001000000000000000C, B1000001000000000000000D); path = Services; sourceTree = "<group>"; };
 D10000010000000000000003 /* Products */ = { isa = PBXGroup; children = (B10000010000000000000010); name = Products; sourceTree = "<group>"; };
/* End PBXGroup section */
/* Begin PBXNativeTarget section */
 E10000010000000000000001 /* TracksManager */ = { isa = PBXNativeTarget; buildConfigurationList = F10000010000000000000002; buildPhases = (C10000010000000000000002, C10000010000000000000001, C10000010000000000000003); buildRules = (); dependencies = (); name = TracksManager; productName = TracksManager; productReference = B10000010000000000000010; productType = "com.apple.product-type.application"; };
/* End PBXNativeTarget section */
/* Begin PBXProject section */
 E10000010000000000000002 /* Project object */ = { isa = PBXProject; attributes = { BuildIndependentTargetsInParallel = 1; LastUpgradeCheck = 2600; TargetAttributes = { E10000010000000000000001 = { CreatedOnToolsVersion = 26.0; }; }; }; buildConfigurationList = F10000010000000000000001; compatibilityVersion = "Xcode 16.0"; developmentRegion = en; knownRegions = (en, Base); mainGroup = D10000010000000000000001; productRefGroup = D10000010000000000000003; projectDirPath = ""; projectRoot = ""; targets = (E10000010000000000000001); };
/* End PBXProject section */
/* Begin PBXResourcesBuildPhase section */
 C10000010000000000000003 = { isa = PBXResourcesBuildPhase; buildActionMask = 2147483647; files = (); runOnlyForDeploymentPostprocessing = 0; };
/* End PBXResourcesBuildPhase section */
/* Begin PBXSourcesBuildPhase section */
 C10000010000000000000002 = { isa = PBXSourcesBuildPhase; buildActionMask = 2147483647; files = (A10000010000000000000001, A10000010000000000000002, A10000010000000000000003, A10000010000000000000004, A10000010000000000000005, A10000010000000000000006, A10000010000000000000007, A10000010000000000000008, A10000010000000000000009, A1000001000000000000000A, A1000001000000000000000B, A1000001000000000000000C, A1000001000000000000000D); runOnlyForDeploymentPostprocessing = 0; };
/* End PBXSourcesBuildPhase section */
/* Begin XCBuildConfiguration section */
 F10000010000000101 = { isa = XCBuildConfiguration; buildSettings = { ALWAYS_SEARCH_USER_PATHS = NO; CLANG_ENABLE_MODULES = YES; CLANG_ENABLE_OBJC_ARC = YES; GCC_C_LANGUAGE_STANDARD = gnu17; MACOSX_DEPLOYMENT_TARGET = 15.0; SDKROOT = macosx; SWIFT_VERSION = 6.0; }; name = Debug; };
 F10000010000000102 = { isa = XCBuildConfiguration; buildSettings = { ALWAYS_SEARCH_USER_PATHS = NO; CLANG_ENABLE_MODULES = YES; GCC_C_LANGUAGE_STANDARD = gnu17; MACOSX_DEPLOYMENT_TARGET = 15.0; SDKROOT = macosx; SWIFT_VERSION = 6.0; }; name = Release; };
 F10000010000000201 = { isa = XCBuildConfiguration; buildSettings = { CODE_SIGN_STYLE = Automatic; COMBINE_HIDPI_IMAGES = YES; CURRENT_PROJECT_VERSION = 1; ENABLE_HARDENED_RUNTIME = YES; GENERATE_INFOPLIST_FILE = YES; INFOPLIST_KEY_CFBundleDisplayName = TracksManager; INFOPLIST_KEY_LSApplicationCategoryType = "public.app-category.video"; INFOPLIST_KEY_NSHumanReadableCopyright = ""; LD_RUNPATH_SEARCH_PATHS = ("$(inherited)", "@executable_path/../Frameworks"); MACOSX_DEPLOYMENT_TARGET = 15.0; PRODUCT_BUNDLE_IDENTIFIER = com.warkurr.TracksManager; PRODUCT_NAME = TracksManager; SWIFT_EMIT_LOC_STRINGS = YES; SWIFT_VERSION = 6.0; TARGETED_DEVICE_FAMILY = 1; }; name = Debug; };
 F10000010000000202 = { isa = XCBuildConfiguration; buildSettings = { CODE_SIGN_STYLE = Automatic; COMBINE_HIDPI_IMAGES = YES; CURRENT_PROJECT_VERSION = 1; ENABLE_HARDENED_RUNTIME = YES; GENERATE_INFOPLIST_FILE = YES; INFOPLIST_KEY_CFBundleDisplayName = TracksManager; INFOPLIST_KEY_LSApplicationCategoryType = "public.app-category.video"; LD_RUNPATH_SEARCH_PATHS = ("$(inherited)", "@executable_path/../Frameworks"); MACOSX_DEPLOYMENT_TARGET = 15.0; PRODUCT_BUNDLE_IDENTIFIER = com.warkurr.TracksManager; PRODUCT_NAME = TracksManager; SWIFT_EMIT_LOC_STRINGS = YES; SWIFT_VERSION = 6.0; TARGETED_DEVICE_FAMILY = 1; }; name = Release; };
/* End XCBuildConfiguration section */
/* Begin XCConfigurationList section */
 F10000010000000000000001 = { isa = XCConfigurationList; buildConfigurations = (F10000010000000101, F10000010000000102); defaultConfigurationIsVisible = 0; defaultConfigurationName = Release; };
 F10000010000000000000002 = { isa = XCConfigurationList; buildConfigurations = (F10000010000000201, F10000010000000202); defaultConfigurationIsVisible = 0; defaultConfigurationName = Release; };
/* End XCConfigurationList section */
 };
 rootObject = E10000010000000000000002;
}